
Microsoft Visual Studio Solution File, Format Version 12.00
# Visual Studio 15
VisualStudioVersion = 15.0.28010.2046
MinimumVisualStudioVersion = 10.0.40219.1
Project("{FAE04EC0-301F-11D3-BF4B-00C04F79EFBC}") = "ClassLibrary", "ClassLibrary\ClassLibrary.csproj", "{0DBD201F-EC6D-4921-9192-C03BE848ED34}"
EndProject
Project("{FAE04EC0-301F-11D3-BF4B-00C04F79EFBC}") = "TravelExperts_Winforms", "TravelExperts_Winforms\TravelExperts_Winforms.csproj", "{8B97E94C-CBA0-4988-B9D4-41152CD745BB}"
EndProject
Project("{FAE04EC0-301F-11D3-BF4B-00C04F79EFBC}") = "DBTest", "DBTest\DBTest.csproj", "{637D5D8E-CC1E-433E-AB17-AA4D155509DA}"
EndProject
Project("{FAE04EC0-301F-11D3-BF4B-00C04F79EFBC}") = "TravelExperts_WPF", "TravelExperts_WPF\TravelExperts_WPF.csproj", "{E348FECF-A12E-4619-9E57-761A2D610404}"
EndProject
Global
	GlobalSection(SolutionConfigurationPlatforms) = preSolution
		Debug|Any CPU = Debug|Any CPU
		Release|Any CPU = Release|Any CPU
	EndGlobalSection
	GlobalSection(ProjectConfigurationPlatforms) = postSolution
		{0DBD201F-EC6D-4921-9192-C03BE848ED34}.Debug|Any CPU.ActiveCfg = Debug|Any CPU
		{0DBD201F-EC6D-4921-9192-C03BE848ED34}.Debug|Any CPU.Build.0 = Debug|Any CPU
		{0DBD201F-EC6D-4921-9192-C03BE848ED34}.Release|Any CPU.ActiveCfg = Release|Any CPU
		{0DBD201F-EC6D-4921-9192-C03BE848ED34}.Release|Any CPU.Build.0 = Release|Any CPU
		{8B97E94C-CBA0-4988-B9D4-41152CD745BB}.Debug|Any CPU.ActiveCfg = Debug|Any CPU
		{8B97E94C-CBA0-4988-B9D4-41152CD745BB}.Debug|Any CPU.Build.0 = Debug|Any CPU
		{8B97E94C-CBA0-4988-B9D4-41152CD745BB}.Release|Any CPU.ActiveCfg = Release|Any CPU
		{8B97E94C-CBA0-4988-B9D4-41152CD745BB}.Release|Any CPU.Build.0 = Release|Any CPU
		{637D5D8E-CC1E-433E-AB17-AA4D155509DA}.Debug|Any CPU.ActiveCfg = Debug|Any CPU
		{637D5D8E-CC1E-433E-AB17-AA4D155509DA}.Debug|Any CPU.Build.0 = Debug|Any CPU
		{637D5D8E-CC1E-433E-AB17-AA4D155509DA}.Release|Any CPU.ActiveCfg = Release|Any CPU
		{637D5D8E-CC1E-433E-AB17-AA4D155509DA}.Release|Any CPU.Build.0 = Release|Any CPU
		{E348FECF-A12E-4619-9E57-761A2D610404}.Debug|Any CPU.ActiveCfg = Debug|Any CPU
		{E348FECF-A12E-4619-9E57-761A2D610404}.Debug|Any CPU.Build.0 = Debug|Any CPU
		{E348FECF-A12E-4619-9E57-761A2D610404}.Release|Any CPU.ActiveCfg = Release|Any CPU
		{E348FECF-A12E-4619-9E57-761A2D610404}.Release|Any CPU.Build.0 = Release|Any CPU
	EndGlobalSection
	GlobalSection(SolutionProperties) = preSolution
		HideSolutionNode = FALSE
	EndGlobalSection
	GlobalSection(ExtensibilityGlobals) = postSolution
		SolutionGuid = {C32CDDF9-5B94-4FF2-B924-54814D34D064}
	EndGlobalSection
EndGlobal
